// !$*UTF8*$!
{
	archiveVersion = 1;
	classes = {
	};
	objectVersion = 55;
	objects = {

/* Begin PBXBuildFile section */
		071B378B0A38031695DA9011 /* Pods_AppStore.framework in Frameworks */ = {isa = PBXBuildFile; fileRef = 245D9BC8884CBC81D50FA950 /* Pods_AppStore.framework */; };
		5F7D1D6D28CC8D8B00DFA600 /* AppDelegate.swift in Sources */ = {isa = PBXBuildFile; fileRef = 5F7D1D6C28CC8D8B00DFA600 /* AppDelegate.swift */; };
		5F7D1D6F28CC8D8B00DFA600 /* SceneDelegate.swift in Sources */ = {isa = PBXBuildFile; fileRef = 5F7D1D6E28CC8D8B00DFA600 /* SceneDelegate.swift */; };
		5F7D1D7128CC8D8B00DFA600 /* ViewController.swift in Sources */ = {isa = PBXBuildFile; fileRef = 5F7D1D7028CC8D8B00DFA600 /* ViewController.swift */; };
		5F7D1D7428CC8D8B00DFA600 /* Main.storyboard in Resources */ = {isa = PBXBuildFile; fileRef = 5F7D1D7228CC8D8B00DFA600 /* Main.storyboard */; };
		5F7D1D7628CC8D8E00DFA600 /* Assets.xcassets in Resources */ = {isa = PBXBuildFile; fileRef = 5F7D1D7528CC8D8E00DFA600 /* Assets.xcassets */; };
		5F7D1D7928CC8D8E00DFA600 /* LaunchScreen.storyboard in Resources */ = {isa = PBXBuildFile; fileRef = 5F7D1D7728CC8D8E00DFA600 /* LaunchScreen.storyboard */; };
		5F7D1D8128CC8DA100DFA600 /* MainTabBarController.swift in Sources */ = {isa = PBXBuildFile; fileRef = 5F7D1D8028CC8DA100DFA600 /* MainTabBarController.swift */; };
		5F7D1D8328CCAA7500DFA600 /* AppSearchController.swift in Sources */ = {isa = PBXBuildFile; fileRef = 5F7D1D8228CCAA7500DFA600 /* AppSearchController.swift */; };
		5F7D1D8928CCB0C300DFA600 /* SearchResultCell.swift in Sources */ = {isa = PBXBuildFile; fileRef = 5F7D1D8828CCB0C300DFA600 /* SearchResultCell.swift */; };
		5FD2FD8B28D0855600CDC43F /* AppsPageController.swift in Sources */ = {isa = PBXBuildFile; fileRef = 5FD2FD8A28D0855500CDC43F /* AppsPageController.swift */; };
		5FD2FD8D28D0860600CDC43F /* BaseListController.swift in Sources */ = {isa = PBXBuildFile; fileRef = 5FD2FD8C28D0860600CDC43F /* BaseListController.swift */; };
		5FD2FD9128D0886900CDC43F /* AppsGroupCell.swift in Sources */ = {isa = PBXBuildFile; fileRef = 5FD2FD9028D0886900CDC43F /* AppsGroupCell.swift */; };
		5FD2FD9328D098D700CDC43F /* AppsHorizontalController.swift in Sources */ = {isa = PBXBuildFile; fileRef = 5FD2FD9228D098D700CDC43F /* AppsHorizontalController.swift */; };
		5FD2FD9728D0A78800CDC43F /* AppRowCell.swift in Sources */ = {isa = PBXBuildFile; fileRef = 5FD2FD9628D0A78800CDC43F /* AppRowCell.swift */; };
		5FD2FD9928D0A86800CDC43F /* Extensions.swift in Sources */ = {isa = PBXBuildFile; fileRef = 5FD2FD9828D0A86800CDC43F /* Extensions.swift */; };
		5FD2FD9B28D1A61900CDC43F /* AppsPageHeader.swift in Sources */ = {isa = PBXBuildFile; fileRef = 5FD2FD9A28D1A61900CDC43F /* AppsPageHeader.swift */; };
		5FD2FD9D28D1AA5B00CDC43F /* AppsHorizontalHeaderController.swift in Sources */ = {isa = PBXBuildFile; fileRef = 5FD2FD9C28D1AA5B00CDC43F /* AppsHorizontalHeaderController.swift */; };
		5FD2FD9F28D1AE3000CDC43F /* AppsHeaderCell.swift in Sources */ = {isa = PBXBuildFile; fileRef = 5FD2FD9E28D1AE3000CDC43F /* AppsHeaderCell.swift */; };
		5FD2FDA128D1CD4000CDC43F /* AppGroup.swift in Sources */ = {isa = PBXBuildFile; fileRef = 5FD2FDA028D1CD4000CDC43F /* AppGroup.swift */; };
		5FD2FDC328D2084700CDC43F /* SocialApps.swift in Sources */ = {isa = PBXBuildFile; fileRef = 5FD2FDC228D2084700CDC43F /* SocialApps.swift */; };
		5FDA42A428CF0AAA004FD43E /* VerticalStackView.swift in Sources */ = {isa = PBXBuildFile; fileRef = 5FDA42A328CF0AA9004FD43E /* VerticalStackView.swift */; };
		5FDA42A628CF3718004FD43E /* SearchResult.swift in Sources */ = {isa = PBXBuildFile; fileRef = 5FDA42A528CF3718004FD43E /* SearchResult.swift */; };
		5FDA42AA28CF53DD004FD43E /* Service.swift in Sources */ = {isa = PBXBuildFile; fileRef = 5FDA42A928CF53DD004FD43E /* Service.swift */; };
/* End PBXBuildFile section */

/* Begin PBXFileReference section */
		245D9BC8884CBC81D50FA950 /* Pods_AppStore.framework */ = {isa = PBXFileReference; explicitFileType = wrapper.framework; includeInIndex = 0; path = Pods_AppStore.framework; sourceTree = BUILT_PRODUCTS_DIR; };
		430DA06E20DBDD645D64F9F3 /* Pods-AppStore.debug.xcconfig */ = {isa = PBXFileReference; includeInIndex = 1; lastKnownFileType = text.xcconfig; name = "Pods-AppStore.debug.xcconfig"; path = "Target Support Files/Pods-AppStore/Pods-AppStore.debug.xcconfig"; sourceTree = "<group>"; };
		5F7D1D6928CC8D8B00DFA600 /* AppStore.app */ = {isa = PBXFileReference; explicitFileType = wrapper.application; includeInIndex = 0; path = AppStore.app; sourceTree = BUILT_PRODUCTS_DIR; };
		5F7D1D6C28CC8D8B00DFA600 /* AppDelegate.swift */ = {isa = PBXFileReference; lastKnownFileType = sourcecode.swift; path = AppDelegate.swift; sourceTree = "<group>"; };
		5F7D1D6E28CC8D8B00DFA600 /* SceneDelegate.swift */ = {isa = PBXFileReference; lastKnownFileType = sourcecode.swift; path = SceneDelegate.swift; sourceTree = "<group>"; };
		5F7D1D7028CC8D8B00DFA600 /* ViewController.swift */ = {isa = PBXFileReference; lastKnownFileType = sourcecode.swift; path = ViewController.swift; sourceTree = "<group>"; };
		5F7D1D7328CC8D8B00DFA600 /* Base */ = {isa = PBXFileReference; lastKnownFileType = file.storyboard; name = Base; path = Base.lproj/Main.storyboard; sourceTree = "<group>"; };
		5F7D1D7528CC8D8E00DFA600 /* Assets.xcassets */ = {isa = PBXFileReference; lastKnownFileType = folder.assetcatalog; path = Assets.xcassets; sourceTree = "<group>"; };
		5F7D1D7828CC8D8E00DFA600 /* Base */ = {isa = PBXFileReference; lastKnownFileType = file.storyboard; name = Base; path = Base.lproj/LaunchScreen.storyboard; sourceTree = "<group>"; };
		5F7D1D7A28CC8D8E00DFA600 /* Info.plist */ = {isa = PBXFileReference; lastKnownFileType = text.plist.xml; path = Info.plist; sourceTree = "<group>"; };
		5F7D1D8028CC8DA100DFA600 /* MainTabBarController.swift */ = {isa = PBXFileReference; lastKnownFileType = sourcecode.swift; path = MainTabBarController.swift; sourceTree = "<group>"; };
		5F7D1D8228CCAA7500DFA600 /* AppSearchController.swift */ = {isa = PBXFileReference; lastKnownFileType = sourcecode.swift; path = AppSearchController.swift; sourceTree = "<group>"; };
		5F7D1D8828CCB0C300DFA600 /* SearchResultCell.swift */ = {isa = PBXFileReference; lastKnownFileType = sourcecode.swift; path = SearchResultCell.swift; sourceTree = "<group>"; };
		5FD2FD8A28D0855500CDC43F /* AppsPageController.swift */ = {isa = PBXFileReference; lastKnownFileType = sourcecode.swift; path = AppsPageController.swift; sourceTree = "<group>"; };
		5FD2FD8C28D0860600CDC43F /* BaseListController.swift */ = {isa = PBXFileReference; lastKnownFileType = sourcecode.swift; path = BaseListController.swift; sourceTree = "<group>"; };
		5FD2FD9028D0886900CDC43F /* AppsGroupCell.swift */ = {isa = PBXFileReference; lastKnownFileType = sourcecode.swift; path = AppsGroupCell.swift; sourceTree = "<group>"; };
		5FD2FD9228D098D700CDC43F /* AppsHorizontalController.swift */ = {isa = PBXFileReference; lastKnownFileType = sourcecode.swift; path = AppsHorizontalController.swift; sourceTree = "<group>"; };
		5FD2FD9628D0A78800CDC43F /* AppRowCell.swift */ = {isa = PBXFileReference; lastKnownFileType = sourcecode.swift; path = AppRowCell.swift; sourceTree = "<group>"; };
		5FD2FD9828D0A86800CDC43F /* Extensions.swift */ = {isa = PBXFileReference; lastKnownFileType = sourcecode.swift; path = Extensions.swift; sourceTree = "<group>"; };
		5FD2FD9A28D1A61900CDC43F /* AppsPageHeader.swift */ = {isa = PBXFileReference; lastKnownFileType = sourcecode.swift; path = AppsPageHeader.swift; sourceTree = "<group>"; };
		5FD2FD9C28D1AA5B00CDC43F /* AppsHorizontalHeaderController.swift */ = {isa = PBXFileReference; lastKnownFileType = sourcecode.swift; path = AppsHorizontalHeaderController.swift; sourceTree = "<group>"; };
		5FD2FD9E28D1AE3000CDC43F /* AppsHeaderCell.swift */ = {isa = PBXFileReference; lastKnownFileType = sourcecode.swift; path = AppsHeaderCell.swift; sourceTree = "<group>"; };
		5FD2FDA028D1CD4000CDC43F /* AppGroup.swift */ = {isa = PBXFileReference; lastKnownFileType = sourcecode.swift; path = AppGroup.swift; sourceTree = "<group>"; };
		5FD2FDC228D2084700CDC43F /* SocialApps.swift */ = {isa = PBXFileReference; lastKnownFileType = sourcecode.swift; path = SocialApps.swift; sourceTree = "<group>"; };
		5FDA42A328CF0AA9004FD43E /* VerticalStackView.swift */ = {isa = PBXFileReference; lastKnownFileType = sourcecode.swift; path = VerticalStackView.swift; sourceTree = "<group>"; };
		5FDA42A528CF3718004FD43E /* SearchResult.swift */ = {isa = PBXFileReference; lastKnownFileType = sourcecode.swift; path = SearchResult.swift; sourceTree = "<group>"; };
		5FDA42A928CF53DD004FD43E /* Service.swift */ = {isa = PBXFileReference; lastKnownFileType = sourcecode.swift; path = Service.swift; sourceTree = "<group>"; };
		7E677E64260FD979011B11A1 /* Pods-AppStore.release.xcconfig */ = {isa = PBXFileReference; includeInIndex = 1; lastKnownFileType = text.xcconfig; name = "Pods-AppStore.release.xcconfig"; path = "Target Support Files/Pods-AppStore/Pods-AppStore.release.xcconfig"; sourceTree = "<group>"; };
/* End PBXFileReference section */

/* Begin PBXFrameworksBuildPhase section */
		5F7D1D6628CC8D8A00DFA600 /* Frameworks */ = {
			isa = PBXFrameworksBuildPhase;
			buildActionMask = 2147483647;
			files = (
				071B378B0A38031695DA9011 /* Pods_AppStore.framework in Frameworks */,
			);
			runOnlyForDeploymentPostprocessing = 0;
		};
/* End PBXFrameworksBuildPhase section */

/* Begin PBXGroup section */
		5F7D1D6028CC8D8A00DFA600 = {
			isa = PBXGroup;
			children = (
				5F7D1D6B28CC8D8B00DFA600 /* AppStore */,
				5F7D1D6A28CC8D8B00DFA600 /* Products */,
				D48BFD50BDB191F2101583D1 /* Pods */,
				F1614999B91E8E10882DB515 /* Frameworks */,
			);
			sourceTree = "<group>";
		};
		5F7D1D6A28CC8D8B00DFA600 /* Products */ = {
			isa = PBXGroup;
			children = (
				5F7D1D6928CC8D8B00DFA600 /* AppStore.app */,
			);
			name = Products;
			sourceTree = "<group>";
		};
		5F7D1D6B28CC8D8B00DFA600 /* AppStore */ = {
			isa = PBXGroup;
			children = (
				5FD2FD8F28D0879A00CDC43F /* Apps */,
				5FD2FD8E28D0878C00CDC43F /* Search */,
				5FDA42A828CF53D0004FD43E /* SearchService */,
				5FDA42A728CF3AD3004FD43E /* Model */,
				5FDA42A228CF0A97004FD43E /* Helpers */,
				5F7D1D8728CCAFCE00DFA600 /* View */,
				5F7D1D8428CCAA7C00DFA600 /* Controller */,
				5F7D1D6C28CC8D8B00DFA600 /* AppDelegate.swift */,
				5F7D1D6E28CC8D8B00DFA600 /* SceneDelegate.swift */,
				5F7D1D7228CC8D8B00DFA600 /* Main.storyboard */,
				5F7D1D7528CC8D8E00DFA600 /* Assets.xcassets */,
				5F7D1D7728CC8D8E00DFA600 /* LaunchScreen.storyboard */,
				5F7D1D7A28CC8D8E00DFA600 /* Info.plist */,
			);
			path = AppStore;
			sourceTree = "<group>";
		};
		5F7D1D8428CCAA7C00DFA600 /* Controller */ = {
			isa = PBXGroup;
			children = (
				5F7D1D8028CC8DA100DFA600 /* MainTabBarController.swift */,
				5F7D1D7028CC8D8B00DFA600 /* ViewController.swift */,
				5FD2FD8C28D0860600CDC43F /* BaseListController.swift */,
			);
			path = Controller;
			sourceTree = "<group>";
		};
		5F7D1D8728CCAFCE00DFA600 /* View */ = {
			isa = PBXGroup;
			children = (
				5FD2FD9428D0A6D200CDC43F /* Apps */,
				5FD2FD9528D0A6D900CDC43F /* Search */,
			);
			path = View;
			sourceTree = "<group>";
		};
		5FD2FD8E28D0878C00CDC43F /* Search */ = {
			isa = PBXGroup;
			children = (
				5F7D1D8228CCAA7500DFA600 /* AppSearchController.swift */,
			);
			path = Search;
			sourceTree = "<group>";
		};
		5FD2FD8F28D0879A00CDC43F /* Apps */ = {
			isa = PBXGroup;
			children = (
				5FD2FD8A28D0855500CDC43F /* AppsPageController.swift */,
				5FD2FD9228D098D700CDC43F /* AppsHorizontalController.swift */,
				5FD2FD9C28D1AA5B00CDC43F /* AppsHorizontalHeaderController.swift */,
			);
			path = Apps;
			sourceTree = "<group>";
		};
		5FD2FD9428D0A6D200CDC43F /* Apps */ = {
			isa = PBXGroup;
			children = (
				5FD2FD9028D0886900CDC43F /* AppsGroupCell.swift */,
				5FD2FD9628D0A78800CDC43F /* AppRowCell.swift */,
				5FD2FD9A28D1A61900CDC43F /* AppsPageHeader.swift */,
				5FD2FD9E28D1AE3000CDC43F /* AppsHeaderCell.swift */,
			);
			path = Apps;
			sourceTree = "<group>";
		};
		5FD2FD9528D0A6D900CDC43F /* Search */ = {
			isa = PBXGroup;
			children = (
				5F7D1D8828CCB0C300DFA600 /* SearchResultCell.swift */,
			);
			path = Search;
			sourceTree = "<group>";
		};
		5FDA42A228CF0A97004FD43E /* Helpers */ = {
			isa = PBXGroup;
			children = (
				5FD2FD9828D0A86800CDC43F /* Extensions.swift */,
				5FDA42A328CF0AA9004FD43E /* VerticalStackView.swift */,
			);
			path = Helpers;
			sourceTree = "<group>";
		};
		5FDA42A728CF3AD3004FD43E /* Model */ = {
			isa = PBXGroup;
			children = (
				5FDA42A528CF3718004FD43E /* SearchResult.swift */,
				5FD2FDA028D1CD4000CDC43F /* AppGroup.swift */,
				5FD2FDC228D2084700CDC43F /* SocialApps.swift */,
			);
			path = Model;
			sourceTree = "<group>";
		};
		5FDA42A828CF53D0004FD43E /* SearchService */ = {
			isa = PBXGroup;
			children = (
				5FDA42A928CF53DD004FD43E /* Service.swift */,
			);
			path = SearchService;
			sourceTree = "<group>";
		};
		D48BFD50BDB191F2101583D1 /* Pods */ = {
			isa = PBXGroup;
			children = (
				430DA06E20DBDD645D64F9F3 /* Pods-AppStore.debug.xcconfig */,
				7E677E64260FD979011B11A1 /* Pods-AppStore.release.xcconfig */,
			);
			path = Pods;
			sourceTree = "<group>";
		};
		F1614999B91E8E10882DB515 /* Frameworks */ = {
			isa = PBXGroup;
			children = (
				245D9BC8884CBC81D50FA950 /* Pods_AppStore.framework */,
			);
			name = Frameworks;
			sourceTree = "<group>";
		};
/* End PBXGroup section */

/* Begin PBXNativeTarget section */
		5F7D1D6828CC8D8A00DFA600 /* AppStore */ = {
			isa = PBXNativeTarget;
			buildConfigurationList = 5F7D1D7D28CC8D8E00DFA600 /* Build configuration list for PBXNativeTarget "AppStore" */;
			buildPhases = (
				A963AAC254B0E6566A11E4D0 /* [CP] Check Pods Manifest.lock */,
				5F7D1D6528CC8D8A00DFA600 /* Sources */,
				5F7D1D6628CC8D8A00DFA600 /* Frameworks */,
				5F7D1D6728CC8D8A00DFA600 /* Resources */,
				1E94B2E4A5ED224B6CEC0CDA /* [CP] Embed Pods Frameworks */,
			);
			buildRules = (
			);
			dependencies = (
			);
			name = AppStore;
			productName = AppStore;
			productReference = 5F7D1D6928CC8D8B00DFA600 /* AppStore.app */;
			productType = "com.apple.product-type.application";
		};
/* End PBXNativeTarget section */

/* Begin PBXProject section */
		5F7D1D6128CC8D8A00DFA600 /* Project object */ = {
			isa = PBXProject;
			attributes = {
				BuildIndependentTargetsInParallel = 1;
				LastSwiftUpdateCheck = 1340;
				LastUpgradeCheck = 1340;
				TargetAttributes = {
					5F7D1D6828CC8D8A00DFA600 = {
						CreatedOnToolsVersion = 13.4.1;
					};
				};
			};
			buildConfigurationList = 5F7D1D6428CC8D8A00DFA600 /* Build configuration list for PBXProject "AppStore" */;
			compatibilityVersion = "Xcode 13.0";
			developmentRegion = en;
			hasScannedForEncodings = 0;
			knownRegions = (
				en,
				Base,
			);
			mainGroup = 5F7D1D6028CC8D8A00DFA600;
			productRefGroup = 5F7D1D6A28CC8D8B00DFA600 /* Products */;
			projectDirPath = "";
			projectRoot = "";
			targets = (
				5F7D1D6828CC8D8A00DFA600 /* AppStore */,
			);
		};
/* End PBXProject section */

/* Begin PBXResourcesBuildPhase section */
		5F7D1D6728CC8D8A00DFA600 /* Resources */ = {
			isa = PBXResourcesBuildPhase;
			buildActionMask = 2147483647;
			files = (
				5F7D1D7928CC8D8E00DFA600 /* LaunchScreen.storyboard in Resources */,
				5F7D1D7628CC8D8E00DFA600 /* Assets.xcassets in Resources */,
				5F7D1D7428CC8D8B00DFA600 /* Main.storyboard in Resources */,
			);
			runOnlyForDeploymentPostprocessing = 0;
		};
/* End PBXResourcesBuildPhase section */

/* Begin PBXShellScriptBuildPhase section */
		1E94B2E4A5ED224B6CEC0CDA /* [CP] Embed Pods Frameworks */ = {
			isa = PBXShellScriptBuildPhase;
			buildActionMask = 2147483647;
			files = (
			);
			inputFileListPaths = (
				"${PODS_ROOT}/Target Support Files/Pods-AppStore/Pods-AppStore-frameworks-${CONFIGURATION}-input-files.xcfilelist",
			);
			name = "[CP] Embed Pods Frameworks";
			outputFileListPaths = (
				"${PODS_ROOT}/Target Support Files/Pods-AppStore/Pods-AppStore-frameworks-${CONFIGURATION}-output-files.xcfilelist",
			);
			runOnlyForDeploymentPostprocessing = 0;
			shellPath = /bin/sh;
			shellScript = "\"${PODS_ROOT}/Target Support Files/Pods-AppStore/Pods-AppStore-frameworks.sh\"\n";
			showEnvVarsInLog = 0;
		};
		A963AAC254B0E6566A11E4D0 /* [CP] Check Pods Manifest.lock */ = {
			isa = PBXShellScriptBuildPhase;
			buildActionMask = 2147483647;
			files = (
			);
			inputFileListPaths = (
			);
			inputPaths = (
				"${PODS_PODFILE_DIR_PATH}/Podfile.lock",
				"${PODS_ROOT}/Manifest.lock",
			);
			name = "[CP] Check Pods Manifest.lock";
			outputFileListPaths = (
			);
			outputPaths = (
				"$(DERIVED_FILE_DIR)/Pods-AppStore-checkManifestLockResult.txt",
			);
			runOnlyForDeploymentPostprocessing = 0;
			shellPath = /bin/sh;
			shellScript = "diff \"${PODS_PODFILE_DIR_PATH}/Podfile.lock\" \"${PODS_ROOT}/Manifest.lock\" > /dev/null\nif [ $? != 0 ] ; then\n    # print error to STDERR\n    echo \"error: The sandbox is not in sync with the Podfile.lock. Run 'pod install' or update your CocoaPods installation.\" >&2\n    exit 1\nfi\n# This output is used by Xcode 'outputs' to avoid re-running this script phase.\necho \"SUCCESS\" > \"${SCRIPT_OUTPUT_FILE_0}\"\n";
			showEnvVarsInLog = 0;
		};
/* End PBXShellScriptBuildPhase section */

/* Begin PBXSourcesBuildPhase section */
		5F7D1D6528CC8D8A00DFA600 /* Sources */ = {
			isa = PBXSourcesBuildPhase;
			buildActionMask = 2147483647;
			files = (
				5F7D1D7128CC8D8B00DFA600 /* ViewController.swift in Sources */,
				5F7D1D8328CCAA7500DFA600 /* AppSearchController.swift in Sources */,
				5FDA42A628CF3718004FD43E /* SearchResult.swift in Sources */,
				5FD2FD8B28D0855600CDC43F /* AppsPageController.swift in Sources */,
				5FD2FD9F28D1AE3000CDC43F /* AppsHeaderCell.swift in Sources */,
				5F7D1D8128CC8DA100DFA600 /* MainTabBarController.swift in Sources */,
				5FD2FD8D28D0860600CDC43F /* BaseListController.swift in Sources */,
				5FD2FD9728D0A78800CDC43F /* AppRowCell.swift in Sources */,
				5F7D1D6D28CC8D8B00DFA600 /* AppDelegate.swift in Sources */,
				5FDA42AA28CF53DD004FD43E /* Service.swift in Sources */,
				5FD2FD9B28D1A61900CDC43F /* AppsPageHeader.swift in Sources */,
				5F7D1D8928CCB0C300DFA600 /* SearchResultCell.swift in Sources */,
				5FD2FD9928D0A86800CDC43F /* Extensions.swift in Sources */,
				5FD2FD9D28D1AA5B00CDC43F /* AppsHorizontalHeaderController.swift in Sources */,
				5FD2FDC328D2084700CDC43F /* SocialApps.swift in Sources */,
				5F7D1D6F28CC8D8B00DFA600 /* SceneDelegate.swift in Sources */,
				5FD2FD9128D0886900CDC43F /* AppsGroupCell.swift in Sources */,
				5FD2FD9328D098D700CDC43F /* AppsHorizontalController.swift in Sources */,
				5FD2FDA128D1CD4000CDC43F /* AppGroup.swift in Sources */,
				5FDA42A428CF0AAA004FD43E /* VerticalStackView.swift in Sources */,
			);
			runOnlyForDeploymentPostprocessing = 0;
		};
/* End PBXSourcesBuildPhase section */

/* Begin PBXVariantGroup section */
		5F7D1D7228CC8D8B00DFA600 /* Main.storyboard */ = {
			isa = PBXVariantGroup;
			children = (
				5F7D1D7328CC8D8B00DFA600 /* Base */,
			);
			name = Main.storyboard;
			sourceTree = "<group>";
		};
		5F7D1D7728CC8D8E00DFA600 /* LaunchScreen.storyboard */ = {
			isa = PBXVariantGroup;
			children = (
				5F7D1D7828CC8D8E00DFA600 /* Base */,
			);
			name = LaunchScreen.storyboard;
			sourceTree = "<group>";
		};
/* End PBXVariantGroup section */

/* Begin XCBuildConfiguration section */
		5F7D1D7B28CC8D8E00DFA600 /* Debug */ = {
			isa = XCBuildConfiguration;
			buildSettings = {
				ALWAYS_SEARCH_USER_PATHS = NO;
				CLANG_ANALYZER_NONNULL = YES;
				CLANG_ANALYZER_NUMBER_OBJECT_CONVERSION = YES_AGGRESSIVE;
				CLANG_CXX_LANGUAGE_STANDARD = "gnu++17";
				CLANG_ENABLE_MODULES = YES;
				CLANG_ENABLE_OBJC_ARC = YES;
				CLANG_ENABLE_OBJC_WEAK = YES;
				CLANG_WARN_BLOCK_CAPTURE_AUTORELEASING = YES;
				CLANG_WARN_BOOL_CONVERSION = YES;
				CLANG_WARN_COMMA = YES;
				CLANG_WARN_CONSTANT_CONVERSION = YES;
				CLANG_WARN_DEPRECATED_OBJC_IMPLEMENTATIONS = YES;
				CLANG_WARN_DIRECT_OBJC_ISA_USAGE = YES_ERROR;
				CLANG_WARN_DOCUMENTATION_COMMENTS = YES;
				CLANG_WARN_EMPTY_BODY = YES;
				CLANG_WARN_ENUM_CONVERSION = YES;
				CLANG_WARN_INFINITE_RECURSION = YES;
				CLANG_WARN_INT_CONVERSION = YES;
				CLANG_WARN_NON_LITERAL_NULL_CONVERSION = YES;
				CLANG_WARN_OBJC_IMPLICIT_RETAIN_SELF = YES;
				CLANG_WARN_OBJC_LITERAL_CONVERSION = YES;
				CLANG_WARN_OBJC_ROOT_CLASS = YES_ERROR;
				CLANG_WARN_QUOTED_INCLUDE_IN_FRAMEWORK_HEADER = YES;
				CLANG_WARN_RANGE_LOOP_ANALYSIS = YES;
				CLANG_WARN_STRICT_PROTOTYPES = YES;
				CLANG_WARN_SUSPICIOUS_MOVE = YES;
				CLANG_WARN_UNGUARDED_AVAILABILITY = YES_AGGRESSIVE;
				CLANG_WARN_UNREACHABLE_CODE = YES;
				CLANG_WARN__DUPLICATE_METHOD_MATCH = YES;
				COPY_PHASE_STRIP = NO;
				DEBUG_INFORMATION_FORMAT = dwarf;
				ENABLE_STRICT_OBJC_MSGSEND = YES;
				ENABLE_TESTABILITY = YES;
				GCC_C_LANGUAGE_STANDARD = gnu11;
				GCC_DYNAMIC_NO_PIC = NO;
				GCC_NO_COMMON_BLOCKS = YES;
				GCC_OPTIMIZATION_LEVEL = 0;
				GCC_PREPROCESSOR_DEFINITIONS = (
					"DEBUG=1",
					"$(inherited)",
				);
				GCC_WARN_64_TO_32_BIT_CONVERSION = YES;
				GCC_WARN_ABOUT_RETURN_TYPE = YES_ERROR;
				GCC_WARN_UNDECLARED_SELECTOR = YES;
				GCC_WARN_UNINITIALIZED_AUTOS = YES_AGGRESSIVE;
				GCC_WARN_UNUSED_FUNCTION = YES;
				GCC_WARN_UNUSED_VARIABLE = YES;
				IPHONEOS_DEPLOYMENT_TARGET = 15.5;
				MTL_ENABLE_DEBUG_INFO = INCLUDE_SOURCE;
				MTL_FAST_MATH = YES;
				ONLY_ACTIVE_ARCH = YES;
				SDKROOT = iphoneos;
				SWIFT_ACTIVE_COMPILATION_CONDITIONS = DEBUG;
				SWIFT_OPTIMIZATION_LEVEL = "-Onone";
			};
			name = Debug;
		};
		5F7D1D7C28CC8D8E00DFA600 /* Release */ = {
			isa = XCBuildConfiguration;
			buildSettings = {
				ALWAYS_SEARCH_USER_PATHS = NO;
				CLANG_ANALYZER_NONNULL = YES;
				CLANG_ANALYZER_NUMBER_OBJECT_CONVERSION = YES_AGGRESSIVE;
				CLANG_CXX_LANGUAGE_STANDARD = "gnu++17";
				CLANG_ENABLE_MODULES = YES;
				CLANG_ENABLE_OBJC_ARC = YES;
				CLANG_ENABLE_OBJC_WEAK = YES;
				CLANG_WARN_BLOCK_CAPTURE_AUTORELEASING = YES;
				CLANG_WARN_BOOL_CONVERSION = YES;
				CLANG_WARN_COMMA = YES;
				CLANG_WARN_CONSTANT_CONVERSION = YES;
				CLANG_WARN_DEPRECATED_OBJC_IMPLEMENTATIONS = YES;
				CLANG_WARN_DIRECT_OBJC_ISA_USAGE = YES_ERROR;
				CLANG_WARN_DOCUMENTATION_COMMENTS = YES;
				CLANG_WARN_EMPTY_BODY = YES;
				CLANG_WARN_ENUM_CONVERSION = YES;
				CLANG_WARN_INFINITE_RECURSION = YES;
				CLANG_WARN_INT_CONVERSION = YES;
				CLANG_WARN_NON_LITERAL_NULL_CONVERSION = YES;
				CLANG_WARN_OBJC_IMPLICIT_RETAIN_SELF = YES;
				CLANG_WARN_OBJC_LITERAL_CONVERSION = YES;
				CLANG_WARN_OBJC_ROOT_CLASS = YES_ERROR;
				CLANG_WARN_QUOTED_INCLUDE_IN_FRAMEWORK_HEADER = YES;
				CLANG_WARN_RANGE_LOOP_ANALYSIS = YES;
				CLANG_WARN_STRICT_PROTOTYPES = YES;
				CLANG_WARN_SUSPICIOUS_MOVE = YES;
				CLANG_WARN_UNGUARDED_AVAILABILITY = YES_AGGRESSIVE;
				CLANG_WARN_UNREACHABLE_CODE = YES;
				CLANG_WARN__DUPLICATE_METHOD_MATCH = YES;
				COPY_PHASE_STRIP = NO;
				DEBUG_INFORMATION_FORMAT = "dwarf-with-dsym";
				ENABLE_NS_ASSERTIONS = NO;
				ENABLE_STRICT_OBJC_MSGSEND = YES;
				GCC_C_LANGUAGE_STANDARD = gnu11;
				GCC_NO_COMMON_BLOCKS = YES;
				GCC_WARN_64_TO_32_BIT_CONVERSION = YES;
				GCC_WARN_ABOUT_RETURN_TYPE = YES_ERROR;
				GCC_WARN_UNDECLARED_SELECTOR = YES;
				GCC_WARN_UNINITIALIZED_AUTOS = YES_AGGRESSIVE;
				GCC_WARN_UNUSED_FUNCTION = YES;
				GCC_WARN_UNUSED_VARIABLE = YES;
				IPHONEOS_DEPLOYMENT_TARGET = 15.5;
				MTL_ENABLE_DEBUG_INFO = NO;
				MTL_FAST_MATH = YES;
				SDKROOT = iphoneos;
				SWIFT_COMPILATION_MODE = wholemodule;
				SWIFT_OPTIMIZATION_LEVEL = "-O";
				VALIDATE_PRODUCT = YES;
			};
			name = Release;
		};
		5F7D1D7E28CC8D8E00DFA600 /* Debug */ = {
			isa = XCBuildConfiguration;
			baseConfigurationReference = 430DA06E20DBDD645D64F9F3 /* Pods-AppStore.debug.xcconfig */;
			buildSettings = {
				ASSETCATALOG_COMPILER_APPICON_NAME = AppIcon;
				ASSETCATALOG_COMPILER_GLOBAL_ACCENT_COLOR_NAME = AccentColor;
				CODE_SIGN_STYLE = Automatic;
				CURRENT_PROJECT_VERSION = 1;
				DEVELOPMENT_TEAM = NF982J4L7Y;
				GENERATE_INFOPLIST_FILE = YES;
				INFOPLIST_FILE = AppStore/Info.plist;
				INFOPLIST_KEY_UIApplicationSupportsIndirectInputEvents = YES;
				INFOPLIST_KEY_UILaunchStoryboardName = LaunchScreen;
				INFOPLIST_KEY_UIMainStoryboardFile = Main;
				INFOPLIST_KEY_UISupportedInterfaceOrientations_iPad = "UIInterfaceOrientationPortrait UIInterfaceOrientationPortraitUpsideDown UIInterfaceOrientationLandscapeLeft UIInterfaceOrientationLandscapeRight";
				INFOPLIST_KEY_UISupportedInterfaceOrientations_iPhone = "UIInterfaceOrientationPortrait UIInterfaceOrientationLandscapeLeft UIInterfaceOrientationLandscapeRight";
				LD_RUNPATH_SEARCH_PATHS = (
					"$(inherited)",
					"@executable_path/Frameworks",
				);
				MARKETING_VERSION = 1.0;
				PRODUCT_BUNDLE_IDENTIFIER = com.TamirlanAubakirov.AppStore;
				PRODUCT_NAME = "$(TARGET_NAME)";
				SWIFT_EMIT_LOC_STRINGS = YES;
				SWIFT_VERSION = 5.0;
				TARGETED_DEVICE_FAMILY = "1,2";
			};
			name = Debug;
		};
		5F7D1D7F28CC8D8E00DFA600 /* Release */ = {
			isa = XCBuildConfiguration;
			baseConfigurationReference = 7E677E64260FD979011B11A1 /* Pods-AppStore.release.xcconfig */;
			buildSettings = {
				ASSETCATALOG_COMPILER_APPICON_NAME = AppIcon;
				ASSETCATALOG_COMPILER_GLOBAL_ACCENT_COLOR_NAME = AccentColor;
				CODE_SIGN_STYLE = Automatic;
				CURRENT_PROJECT_VERSION = 1;
				DEVELOPMENT_TEAM = NF982J4L7Y;
				GENERATE_INFOPLIST_FILE = YES;
				INFOPLIST_FILE = AppStore/Info.plist;
				INFOPLIST_KEY_UIApplicationSupportsIndirectInputEvents = YES;
				INFOPLIST_KEY_UILaunchStoryboardName = LaunchScreen;
				INFOPLIST_KEY_UIMainStoryboardFile = Main;
				INFOPLIST_KEY_UISupportedInterfaceOrientations_iPad = "UIInterfaceOrientationPortrait UIInterfaceOrientationPortraitUpsideDown UIInterfaceOrientationLandscapeLeft UIInterfaceOrientationLandscapeRight";
				INFOPLIST_KEY_UISupportedInterfaceOrientations_iPhone = "UIInterfaceOrientationPortrait UIInterfaceOrientationLandscapeLeft UIInterfaceOrientationLandscapeRight";
				LD_RUNPATH_SEARCH_PATHS = (
					"$(inherited)",
					"@executable_path/Frameworks",
				);
				MARKETING_VERSION = 1.0;
				PRODUCT_BUNDLE_IDENTIFIER = com.TamirlanAubakirov.AppStore;
				PRODUCT_NAME = "$(TARGET_NAME)";
				SWIFT_EMIT_LOC_STRINGS = YES;
				SWIFT_VERSION = 5.0;
				TARGETED_DEVICE_FAMILY = "1,2";
			};
			name = Release;
		};
/* End XCBuildConfiguration section */

/* Begin XCConfigurationList section */
		5F7D1D6428CC8D8A00DFA600 /* Build configuration list for PBXProject "AppStore" */ = {
			isa = XCConfigurationList;
			buildConfigurations = (
				5F7D1D7B28CC8D8E00DFA600 /* Debug */,
				5F7D1D7C28CC8D8E00DFA600 /* Release */,
			);
			defaultConfigurationIsVisible = 0;
			defaultConfigurationName = Release;
		};
		5F7D1D7D28CC8D8E00DFA600 /* Build configuration list for PBXNativeTarget "AppStore" */ = {
			isa = XCConfigurationList;
			buildConfigurations = (
				5F7D1D7E28CC8D8E00DFA600 /* Debug */,
				5F7D1D7F28CC8D8E00DFA600 /* Release */,
			);
			defaultConfigurationIsVisible = 0;
			defaultConfigurationName = Release;
		};
/* End XCConfigurationList section */
	};
	rootObject = 5F7D1D6128CC8D8A00DFA600 /* Project object */;
}
